- id: 7965
  height: 7964
  time: '2023-12-01T00:18:05.257Z'
  version_block: 11
  version_app: 0
  hash: 0x4170cff901169059746a5cb51e01e8e53f0070c75e778bb3b4df8879265b2498
  parent_hash: 0x714b87e7a1306fbe8323f7f07ea50e6d59d7f0b0bcaa813dc0506290bc82967c
  last_commit_hash: 0xc09872c66f8194d3190f7147064af400a15d1cca6a6420bdf8f67e5f478cd210
  data_hash: 0xecfe780b22052641c424e0acfb0bf3465844a8def3874dea2e2df020a3f54f78
  validators_hash: 0xdcd29ad847f01b05ac9b3754f9bcd2cfb7dbf797ae89bb7b764105e109d9849b
  next_validators_hash: 0xdcd29ad847f01b05ac9b3754f9bcd2cfb7dbf797ae89bb7b764105e109d9849b
  consensus_hash: 0x048091bc7ddc283f77bfbf91d73c44da58c3df8a9cbc867405d8b7f3daada22f
  app_hash: 0xe045c54d0b0acd579b134d65d8f0ab3e68efdf575216e2fd20627b36c49321e4
  last_results_hash: 0xfe43d66afa4a9a5c4f9c9da89f4ffb52635c8f342e7ffb731d68e36c5982072a
  evidence_hash: 0xe3b0c44298fc1c149afbf4c8996fb92427ae41e4649b934ca495991b7852b855
  proposer_id: 1
- id: 7966
  height: 7965
  time: '2023-12-01T00:18:07.575Z'
  version_block: 11
  version_app: 0
  hash: 0xb15d072afc508558b3e962060c701a695af5d6a041d4a25c63240bbff5064b3b
  parent_hash: 0x4170cff901169059746a5cb51e01e8e53f0070c75e778bb3b4df8879265b2498
  last_commit_hash: 0x3fdc0380a88a90181512c4607385a209bc57a930252fac6284b7b3ce102f731f
  data_hash: 0x3f0972f53b230e0e7460db661bc5ca5e22afd8f9041a8843a18b51852540116b
  validators_hash: 0xdcd29ad847f01b05ac9b3754f9bcd2cfb7dbf797ae89bb7b764105e109d9849b
  next_validators_hash: 0xdcd29ad847f01b05ac9b3754f9bcd2cfb7dbf797ae89bb7b764105e109d9849b
  consensus_hash: 0x048091bc7ddc283f77bfbf91d73c44da58c3df8a9cbc867405d8b7f3daada22f
  app_hash: 0x0f9c15e37326c29b51e17cb243e621e97c33f4b034b231ffcd9ed5e0a653d584
  last_results_hash: 0xfe43d66afa4a9a5c4f9c9da89f4ffb52635c8f342e7ffb731d68e36c5982072a
  evidence_hash: 0xe3b0c44298fc1c149afbf4c8996fb92427ae41e4649b934ca495991b7852b855
  proposer_id: 2
